// !$*UTF8*$!
{
	archiveVersion = 1;
	classes = {
	};
	objectVersion = 56;
	objects = {

/* Begin PBXBuildFile section */
		25157DB32BDCFA3800B57477 /* K.swift in Sources */ = {isa = PBXBuildFile; fileRef = 25157DB22BDCFA3800B57477 /* K.swift */; };
		25157DB62BDCFFD500B57477 /* DetailView.swift in Sources */ = {isa = PBXBuildFile; fileRef = 25157DB52BDCFFD500B57477 /* DetailView.swift */; };
		25157DB82BDCFFDB00B57477 /* DetailPresenter.swift in Sources */ = {isa = PBXBuildFile; fileRef = 25157DB72BDCFFDB00B57477 /* DetailPresenter.swift */; };
		25157DBA2BDCFFE100B57477 /* DetailInteractor.swift in Sources */ = {isa = PBXBuildFile; fileRef = 25157DB92BDCFFE100B57477 /* DetailInteractor.swift */; };
		25157DBC2BDCFFF000B57477 /* DetailRouter.swift in Sources */ = {isa = PBXBuildFile; fileRef = 25157DBB2BDCFFF000B57477 /* DetailRouter.swift */; };
		25157DBF2BDD01E100B57477 /* DetailMovieEntity.swift in Sources */ = {isa = PBXBuildFile; fileRef = 25157DBE2BDD01E100B57477 /* DetailMovieEntity.swift */; };
		25157DC22BDD054D00B57477 /* DetailMovieViewModel.swift in Sources */ = {isa = PBXBuildFile; fileRef = 25157DC12BDD054D00B57477 /* DetailMovieViewModel.swift */; };
		25157DC42BDD058000B57477 /* MapperDetailMovieViewModel.swift in Sources */ = {isa = PBXBuildFile; fileRef = 25157DC32BDD058000B57477 /* MapperDetailMovieViewModel.swift */; };
		25AC3E352BD402000083593F /* AppDelegate.swift in Sources */ = {isa = PBXBuildFile; fileRef = 25AC3E342BD402000083593F /* AppDelegate.swift */; };
		25AC3E372BD402000083593F /* SceneDelegate.swift in Sources */ = {isa = PBXBuildFile; fileRef = 25AC3E362BD402000083593F /* SceneDelegate.swift */; };
		25AC3E392BD402000083593F /* ViewController.swift in Sources */ = {isa = PBXBuildFile; fileRef = 25AC3E382BD402000083593F /* ViewController.swift */; };
		25AC3E3E2BD402020083593F /* Assets.xcassets in Resources */ = {isa = PBXBuildFile; fileRef = 25AC3E3D2BD402020083593F /* Assets.xcassets */; };
		25AC3E412BD402020083593F /* Base in Resources */ = {isa = PBXBuildFile; fileRef = 25AC3E402BD402020083593F /* Base */; };
		25AC3E4B2BD402B40083593F /* ListOfMoviesView.swift in Sources */ = {isa = PBXBuildFile; fileRef = 25AC3E4A2BD402B40083593F /* ListOfMoviesView.swift */; };
		25AC3E4D2BD402C20083593F /* ListOfMoviesPresenter.swift in Sources */ = {isa = PBXBuildFile; fileRef = 25AC3E4C2BD402C20083593F /* ListOfMoviesPresenter.swift */; };
		25AC3E4F2BD402CD0083593F /* ListOfMoviesInteractor.swift in Sources */ = {isa = PBXBuildFile; fileRef = 25AC3E4E2BD402CD0083593F /* ListOfMoviesInteractor.swift */; };
		25AC3E512BD402D60083593F /* ListOfMoviesRouter.swift in Sources */ = {isa = PBXBuildFile; fileRef = 25AC3E502BD402D60083593F /* ListOfMoviesRouter.swift */; };
		25AC3E542BD404C50083593F /* PopularMovieEntity.swift in Sources */ = {isa = PBXBuildFile; fileRef = 25AC3E532BD404C50083593F /* PopularMovieEntity.swift */; };
		25AC3E562BD405850083593F /* PopularMovieResponseEntity.swift in Sources */ = {isa = PBXBuildFile; fileRef = 25AC3E552BD405850083593F /* PopularMovieResponseEntity.swift */; };
		25AC3E582BD40C7D0083593F /* MovieCellView.swift in Sources */ = {isa = PBXBuildFile; fileRef = 25AC3E572BD40C7D0083593F /* MovieCellView.swift */; };
		25AC3E5B2BD50CFD0083593F /* Kingfisher in Frameworks */ = {isa = PBXBuildFile; productRef = 25AC3E5A2BD50CFD0083593F /* Kingfisher */; };
		25AC3E602BD512760083593F /* MovieViewModel.swift in Sources */ = {isa = PBXBuildFile; fileRef = 25AC3E5F2BD512760083593F /* MovieViewModel.swift */; };
		25AC3E622BD51EA30083593F /* MovieMapper.swift in Sources */ = {isa = PBXBuildFile; fileRef = 25AC3E612BD51EA30083593F /* MovieMapper.swift */; };
/* End PBXBuildFile section */

/* Begin PBXFileReference section */
		25157DB22BDCFA3800B57477 /* K.swift */ = {isa = PBXFileReference; lastKnownFileType = sourcecode.swift; path = K.swift; sourceTree = "<group>"; };
		25157DB52BDCFFD500B57477 /* DetailView.swift */ = {isa = PBXFileReference; lastKnownFileType = sourcecode.swift; path = DetailView.swift; sourceTree = "<group>"; };
		25157DB72BDCFFDB00B57477 /* DetailPresenter.swift */ = {isa = PBXFileReference; lastKnownFileType = sourcecode.swift; path = DetailPresenter.swift; sourceTree = "<group>"; };
		25157DB92BDCFFE100B57477 /* DetailInteractor.swift */ = {isa = PBXFileReference; lastKnownFileType = sourcecode.swift; path = DetailInteractor.swift; sourceTree = "<group>"; };
		25157DBB2BDCFFF000B57477 /* DetailRouter.swift */ = {isa = PBXFileReference; lastKnownFileType = sourcecode.swift; path = DetailRouter.swift; sourceTree = "<group>"; };
		25157DBE2BDD01E100B57477 /* DetailMovieEntity.swift */ = {isa = PBXFileReference; lastKnownFileType = sourcecode.swift; path = DetailMovieEntity.swift; sourceTree = "<group>"; };
		25157DC12BDD054D00B57477 /* DetailMovieViewModel.swift */ = {isa = PBXFileReference; lastKnownFileType = sourcecode.swift; path = DetailMovieViewModel.swift; sourceTree = "<group>"; };
		25157DC32BDD058000B57477 /* MapperDetailMovieViewModel.swift */ = {isa = PBXFileReference; lastKnownFileType = sourcecode.swift; path = MapperDetailMovieViewModel.swift; sourceTree = "<group>"; };
		25AC3E312BD402000083593F /* YourMovie.app */ = {isa = PBXFileReference; explicitFileType = wrapper.application; includeInIndex = 0; path = YourMovie.app; sourceTree = BUILT_PRODUCTS_DIR; };
		25AC3E342BD402000083593F /* AppDelegate.swift */ = {isa = PBXFileReference; lastKnownFileType = sourcecode.swift; path = AppDelegate.swift; sourceTree = "<group>"; };
		25AC3E362BD402000083593F /* SceneDelegate.swift */ = {isa = PBXFileReference; lastKnownFileType = sourcecode.swift; path = SceneDelegate.swift; sourceTree = "<group>"; };
		25AC3E382BD402000083593F /* ViewController.swift */ = {isa = PBXFileReference; lastKnownFileType = sourcecode.swift; path = ViewController.swift; sourceTree = "<group>"; };
		25AC3E3D2BD402020083593F /* Assets.xcassets */ = {isa = PBXFileReference; lastKnownFileType = folder.assetcatalog; path = Assets.xcassets; sourceTree = "<group>"; };
		25AC3E402BD402020083593F /* Base */ = {isa = PBXFileReference; lastKnownFileType = file.storyboard; name = Base; path = Base.lproj/LaunchScreen.storyboard; sourceTree = "<group>"; };
		25AC3E422BD402020083593F /* Info.plist */ = {isa = PBXFileReference; lastKnownFileType = text.plist.xml; path = Info.plist; sourceTree = "<group>"; };
		25AC3E4A2BD402B40083593F /* ListOfMoviesView.swift */ = {isa = PBXFileReference; lastKnownFileType = sourcecode.swift; path = ListOfMoviesView.swift; sourceTree = "<group>"; };
		25AC3E4C2BD402C20083593F /* ListOfMoviesPresenter.swift */ = {isa = PBXFileReference; lastKnownFileType = sourcecode.swift; path = ListOfMoviesPresenter.swift; sourceTree = "<group>"; };
		25AC3E4E2BD402CD0083593F /* ListOfMoviesInteractor.swift */ = {isa = PBXFileReference; lastKnownFileType = sourcecode.swift; path = ListOfMoviesInteractor.swift; sourceTree = "<group>"; };
		25AC3E502BD402D60083593F /* ListOfMoviesRouter.swift */ = {isa = PBXFileReference; lastKnownFileType = sourcecode.swift; path = ListOfMoviesRouter.swift; sourceTree = "<group>"; };
		25AC3E532BD404C50083593F /* PopularMovieEntity.swift */ = {isa = PBXFileReference; lastKnownFileType = sourcecode.swift; path = PopularMovieEntity.swift; sourceTree = "<group>"; };
		25AC3E552BD405850083593F /* PopularMovieResponseEntity.swift */ = {isa = PBXFileReference; lastKnownFileType = sourcecode.swift; path = PopularMovieResponseEntity.swift; sourceTree = "<group>"; };
		25AC3E572BD40C7D0083593F /* MovieCellView.swift */ = {isa = PBXFileReference; lastKnownFileType = sourcecode.swift; path = MovieCellView.swift; sourceTree = "<group>"; };
		25AC3E5F2BD512760083593F /* MovieViewModel.swift */ = {isa = PBXFileReference; lastKnownFileType = sourcecode.swift; path = MovieViewModel.swift; sourceTree = "<group>"; };
		25AC3E612BD51EA30083593F /* MovieMapper.swift */ = {isa = PBXFileReference; lastKnownFileType = sourcecode.swift; path = MovieMapper.swift; sourceTree = "<group>"; };
/* End PBXFileReference section */

/* Begin PBXFrameworksBuildPhase section */
		25AC3E2E2BD402000083593F /* Frameworks */ = {
			isa = PBXFrameworksBuildPhase;
			buildActionMask = 2147483647;
			files = (
				25AC3E5B2BD50CFD0083593F /* Kingfisher in Frameworks */,
			);
			runOnlyForDeploymentPostprocessing = 0;
		};
/* End PBXFrameworksBuildPhase section */

/* Begin PBXGroup section */
		25157DB12BDCF9DF00B57477 /* Core */ = {
			isa = PBXGroup;
			children = (
				25157DB22BDCFA3800B57477 /* K.swift */,
			);
			path = Core;
			sourceTree = "<group>";
		};
		25157DB42BDCFFBA00B57477 /* DetailMovie */ = {
			isa = PBXGroup;
			children = (
				25157DBD2BDCFFF700B57477 /* Entities */,
				25157DC02BDD052600B57477 /* ViewModel */,
				25157DB52BDCFFD500B57477 /* DetailView.swift */,
				25157DB72BDCFFDB00B57477 /* DetailPresenter.swift */,
				25157DB92BDCFFE100B57477 /* DetailInteractor.swift */,
				25157DBB2BDCFFF000B57477 /* DetailRouter.swift */,
			);
			path = DetailMovie;
			sourceTree = "<group>";
		};
		25157DBD2BDCFFF700B57477 /* Entities */ = {
			isa = PBXGroup;
			children = (
				25157DBE2BDD01E100B57477 /* DetailMovieEntity.swift */,
			);
			path = Entities;
			sourceTree = "<group>";
		};
		25157DC02BDD052600B57477 /* ViewModel */ = {
			isa = PBXGroup;
			children = (
				25157DC12BDD054D00B57477 /* DetailMovieViewModel.swift */,
				25157DC32BDD058000B57477 /* MapperDetailMovieViewModel.swift */,
			);
			path = ViewModel;
			sourceTree = "<group>";
		};
		25AC3E282BD402000083593F = {
			isa = PBXGroup;
			children = (
				25AC3E332BD402000083593F /* YourMovie */,
				25AC3E322BD402000083593F /* Products */,
			);
			sourceTree = "<group>";
		};
		25AC3E322BD402000083593F /* Products */ = {
			isa = PBXGroup;
			children = (
				25AC3E312BD402000083593F /* YourMovie.app */,
			);
			name = Products;
			sourceTree = "<group>";
		};
		25AC3E332BD402000083593F /* YourMovie */ = {
			isa = PBXGroup;
			children = (
				25157DB12BDCF9DF00B57477 /* Core */,
				25157DB42BDCFFBA00B57477 /* DetailMovie */,
				25AC3E492BD4023F0083593F /* ListOfMovies */,
				25AC3E362BD402000083593F /* SceneDelegate.swift */,
				25AC3E382BD402000083593F /* ViewController.swift */,
				25AC3E342BD402000083593F /* AppDelegate.swift */,
				25AC3E3D2BD402020083593F /* Assets.xcassets */,
				25AC3E3F2BD402020083593F /* LaunchScreen.storyboard */,
				25AC3E422BD402020083593F /* Info.plist */,
			);
			path = YourMovie;
			sourceTree = "<group>";
		};
		25AC3E492BD4023F0083593F /* ListOfMovies */ = {
			isa = PBXGroup;
			children = (
				25AC3E522BD402DE0083593F /* Entities */,
				25AC3E4A2BD402B40083593F /* ListOfMoviesView.swift */,
				25AC3E4C2BD402C20083593F /* ListOfMoviesPresenter.swift */,
				25AC3E4E2BD402CD0083593F /* ListOfMoviesInteractor.swift */,
				25AC3E502BD402D60083593F /* ListOfMoviesRouter.swift */,
				25AC3E572BD40C7D0083593F /* MovieCellView.swift */,
				25AC3E5C2BD5123C0083593F /* ViewModel */,
			);
			path = ListOfMovies;
			sourceTree = "<group>";
		};
		25AC3E522BD402DE0083593F /* Entities */ = {
			isa = PBXGroup;
			children = (
				25AC3E532BD404C50083593F /* PopularMovieEntity.swift */,
				25AC3E552BD405850083593F /* PopularMovieResponseEntity.swift */,
			);
			path = Entities;
			sourceTree = "<group>";
		};
		25AC3E5C2BD5123C0083593F /* ViewModel */ = {
			isa = PBXGroup;
			children = (
				25AC3E5F2BD512760083593F /* MovieViewModel.swift */,
				25AC3E612BD51EA30083593F /* MovieMapper.swift */,
			);
			path = ViewModel;
			sourceTree = "<group>";
		};
/* End PBXGroup section */

/* Begin PBXNativeTarget section */
		25AC3E302BD402000083593F /* YourMovie */ = {
			isa = PBXNativeTarget;
			buildConfigurationList = 25AC3E452BD402020083593F /* Build configuration list for PBXNativeTarget "YourMovie" */;
			buildPhases = (
				25AC3E2D2BD402000083593F /* Sources */,
				25AC3E2E2BD402000083593F /* Frameworks */,
				25AC3E2F2BD402000083593F /* Resources */,
			);
			buildRules = (
			);
			dependencies = (
			);
			name = YourMovie;
			packageProductDependencies = (
				25AC3E5A2BD50CFD0083593F /* Kingfisher */,
			);
			productName = YourMovie;
			productReference = 25AC3E312BD402000083593F /* YourMovie.app */;
			productType = "com.apple.product-type.application";
		};
/* End PBXNativeTarget section */

/* Begin PBXProject section */
		25AC3E292BD402000083593F /* Project object */ = {
			isa = PBXProject;
			attributes = {
				BuildIndependentTargetsInParallel = 1;
				LastSwiftUpdateCheck = 1530;
				LastUpgradeCheck = 1530;
				TargetAttributes = {
					25AC3E302BD402000083593F = {
						CreatedOnToolsVersion = 15.3;
					};
				};
			};
			buildConfigurationList = 25AC3E2C2BD402000083593F /* Build configuration list for PBXProject "YourMovie" */;
			compatibilityVersion = "Xcode 14.0";
			developmentRegion = en;
			hasScannedForEncodings = 0;
			knownRegions = (
				en,
				Base,
			);
			mainGroup = 25AC3E282BD402000083593F;
			packageReferences = (
				25AC3E592BD50CFD0083593F /* XCRemoteSwiftPackageReference "Kingfisher" */,
			);
			productRefGroup = 25AC3E322BD402000083593F /* Products */;
			projectDirPath = "";
			projectRoot = "";
			targets = (
				25AC3E302BD402000083593F /* YourMovie */,
			);
		};
/* End PBXProject section */

/* Begin PBXResourcesBuildPhase section */
		25AC3E2F2BD402000083593F /* Resources */ = {
			isa = PBXResourcesBuildPhase;
			buildActionMask = 2147483647;
			files = (
				25AC3E3E2BD402020083593F /* Assets.xcassets in Resources */,
				25AC3E412BD402020083593F /* Base in Resources */,
			);
			runOnlyForDeploymentPostprocessing = 0;
		};
/* End PBXResourcesBuildPhase section */

/* Begin PBXSourcesBuildPhase section */
		25AC3E2D2BD402000083593F /* Sources */ = {
			isa = PBXSourcesBuildPhase;
			buildActionMask = 2147483647;
			files = (
				25AC3E4B2BD402B40083593F /* ListOfMoviesView.swift in Sources */,
				25AC3E392BD402000083593F /* ViewController.swift in Sources */,
				25157DBF2BDD01E100B57477 /* DetailMovieEntity.swift in Sources */,
				25AC3E4F2BD402CD0083593F /* ListOfMoviesInteractor.swift in Sources */,
				25157DB62BDCFFD500B57477 /* DetailView.swift in Sources */,
				25AC3E582BD40C7D0083593F /* MovieCellView.swift in Sources */,
				25AC3E542BD404C50083593F /* PopularMovieEntity.swift in Sources */,
				25157DC22BDD054D00B57477 /* DetailMovieViewModel.swift in Sources */,
				25157DB32BDCFA3800B57477 /* K.swift in Sources */,
				25AC3E4D2BD402C20083593F /* ListOfMoviesPresenter.swift in Sources */,
				25157DC42BDD058000B57477 /* MapperDetailMovieViewModel.swift in Sources */,
				25157DB82BDCFFDB00B57477 /* DetailPresenter.swift in Sources */,
				25AC3E512BD402D60083593F /* ListOfMoviesRouter.swift in Sources */,
				25AC3E352BD402000083593F /* AppDelegate.swift in Sources */,
				25AC3E602BD512760083593F /* MovieViewModel.swift in Sources */,
				25AC3E622BD51EA30083593F /* MovieMapper.swift in Sources */,
				25AC3E562BD405850083593F /* PopularMovieResponseEntity.swift in Sources */,
				25157DBC2BDCFFF000B57477 /* DetailRouter.swift in Sources */,
				25AC3E372BD402000083593F /* SceneDelegate.swift in Sources */,
				25157DBA2BDCFFE100B57477 /* DetailInteractor.swift in Sources */,
			);
			runOnlyForDeploymentPostprocessing = 0;
		};
/* End PBXSourcesBuildPhase section */

/* Begin PBXVariantGroup section */
		25AC3E3F2BD402020083593F /* LaunchScreen.storyboard */ = {
			isa = PBXVariantGroup;
			children = (
				25AC3E402BD402020083593F /* Base */,
			);
			name = LaunchScreen.storyboard;
			sourceTree = "<group>";
		};
/* End PBXVariantGroup section */

/* Begin XCBuildConfiguration section */
		25AC3E432BD402020083593F /* Debug */ = {
			isa = XCBuildConfiguration;
			buildSettings = {
				ALWAYS_SEARCH_USER_PATHS = NO;
				ASSETCATALOG_COMPILER_GENERATE_SWIFT_ASSET_SYMBOL_EXTENSIONS = YES;
				CLANG_ANALYZER_NONNULL = YES;
				CLANG_ANALYZER_NUMBER_OBJECT_CONVERSION = YES_AGGRESSIVE;
				CLANG_CXX_LANGUAGE_STANDARD = "gnu++20";
				CLANG_ENABLE_MODULES = YES;
				CLANG_ENABLE_OBJC_ARC = YES;
				CLANG_ENABLE_OBJC_WEAK = YES;
				CLANG_WARN_BLOCK_CAPTURE_AUTORELEASING = YES;
				CLANG_WARN_BOOL_CONVERSION = YES;
				CLANG_WARN_COMMA = YES;
				CLANG_WARN_CONSTANT_CONVERSION = YES;
				CLANG_WARN_DEPRECATED_OBJC_IMPLEMENTATIONS = YES;
				CLANG_WARN_DIRECT_OBJC_ISA_USAGE = YES_ERROR;
				CLANG_WARN_DOCUMENTATION_COMMENTS = YES;
				CLANG_WARN_EMPTY_BODY = YES;
				CLANG_WARN_ENUM_CONVERSION = YES;
				CLANG_WARN_INFINITE_RECURSION = YES;
				CLANG_WARN_INT_CONVERSION = YES;
				CLANG_WARN_NON_LITERAL_NULL_CONVERSION = YES;
				CLANG_WARN_OBJC_IMPLICIT_RETAIN_SELF = YES;
				CLANG_WARN_OBJC_LITERAL_CONVERSION = YES;
				CLANG_WARN_OBJC_ROOT_CLASS = YES_ERROR;
				CLANG_WARN_QUOTED_INCLUDE_IN_FRAMEWORK_HEADER = YES;
				CLANG_WARN_RANGE_LOOP_ANALYSIS = YES;
				CLANG_WARN_STRICT_PROTOTYPES = YES;
				CLANG_WARN_SUSPICIOUS_MOVE = YES;
				CLANG_WARN_UNGUARDED_AVAILABILITY = YES_AGGRESSIVE;
				CLANG_WARN_UNREACHABLE_CODE = YES;
				CLANG_WARN__DUPLICATE_METHOD_MATCH = YES;
				COPY_PHASE_STRIP = NO;
				DEBUG_INFORMATION_FORMAT = dwarf;
				ENABLE_STRICT_OBJC_MSGSEND = YES;
				ENABLE_TESTABILITY = YES;
				ENABLE_USER_SCRIPT_SANDBOXING = YES;
				GCC_C_LANGUAGE_STANDARD = gnu17;
				GCC_DYNAMIC_NO_PIC = NO;
				GCC_NO_COMMON_BLOCKS = YES;
				GCC_OPTIMIZATION_LEVEL = 0;
				GCC_PREPROCESSOR_DEFINITIONS = (
					"DEBUG=1",
					"$(inherited)",
				);
				GCC_WARN_64_TO_32_BIT_CONVERSION = YES;
				GCC_WARN_ABOUT_RETURN_TYPE = YES_ERROR;
				GCC_WARN_UNDECLARED_SELECTOR = YES;
				GCC_WARN_UNINITIALIZED_AUTOS = YES_AGGRESSIVE;
				GCC_WARN_UNUSED_FUNCTION = YES;
				GCC_WARN_UNUSED_VARIABLE = YES;
				IPHONEOS_DEPLOYMENT_TARGET = 17.4;
				LOCALIZATION_PREFERS_STRING_CATALOGS = YES;
				MTL_ENABLE_DEBUG_INFO = INCLUDE_SOURCE;
				MTL_FAST_MATH = YES;
				ONLY_ACTIVE_ARCH = YES;
				SDKROOT = iphoneos;
				SWIFT_ACTIVE_COMPILATION_CONDITIONS = "DEBUG $(inherited)";
				SWIFT_OPTIMIZATION_LEVEL = "-Onone";
			};
			name = Debug;
		};
		25AC3E442BD402020083593F /* Release */ = {
			isa = XCBuildConfiguration;
			buildSettings = {
				ALWAYS_SEARCH_USER_PATHS = NO;
				ASSETCATALOG_COMPILER_GENERATE_SWIFT_ASSET_SYMBOL_EXTENSIONS = YES;
				CLANG_ANALYZER_NONNULL = YES;
				CLANG_ANALYZER_NUMBER_OBJECT_CONVERSION = YES_AGGRESSIVE;
				CLANG_CXX_LANGUAGE_STANDARD = "gnu++20";
				CLANG_ENABLE_MODULES = YES;
				CLANG_ENABLE_OBJC_ARC = YES;
				CLANG_ENABLE_OBJC_WEAK = YES;
				CLANG_WARN_BLOCK_CAPTURE_AUTORELEASING = YES;
				CLANG_WARN_BOOL_CONVERSION = YES;
				CLANG_WARN_COMMA = YES;
				CLANG_WARN_CONSTANT_CONVERSION = YES;
				CLANG_WARN_DEPRECATED_OBJC_IMPLEMENTATIONS = YES;
				CLANG_WARN_DIRECT_OBJC_ISA_USAGE = YES_ERROR;
				CLANG_WARN_DOCUMENTATION_COMMENTS = YES;
				CLANG_WARN_EMPTY_BODY = YES;
				CLANG_WARN_ENUM_CONVERSION = YES;
				CLANG_WARN_INFINITE_RECURSION = YES;
				CLANG_WARN_INT_CONVERSION = YES;
				CLANG_WARN_NON_LITERAL_NULL_CONVERSION = YES;
				CLANG_WARN_OBJC_IMPLICIT_RETAIN_SELF = YES;
				CLANG_WARN_OBJC_LITERAL_CONVERSION = YES;
				CLANG_WARN_OBJC_ROOT_CLASS = YES_ERROR;
				CLANG_WARN_QUOTED_INCLUDE_IN_FRAMEWORK_HEADER = YES;
				CLANG_WARN_RANGE_LOOP_ANALYSIS = YES;
				CLANG_WARN_STRICT_PROTOTYPES = YES;
				CLANG_WARN_SUSPICIOUS_MOVE = YES;
				CLANG_WARN_UNGUARDED_AVAILABILITY = YES_AGGRESSIVE;
				CLANG_WARN_UNREACHABLE_CODE = YES;
				CLANG_WARN__DUPLICATE_METHOD_MATCH = YES;
				COPY_PHASE_STRIP = NO;
				DEBUG_INFORMATION_FORMAT = "dwarf-with-dsym";
				ENABLE_NS_ASSERTIONS = NO;
				ENABLE_STRICT_OBJC_MSGSEND = YES;
				ENABLE_USER_SCRIPT_SANDBOXING = YES;
				GCC_C_LANGUAGE_STANDARD = gnu17;
				GCC_NO_COMMON_BLOCKS = YES;
				GCC_WARN_64_TO_32_BIT_CONVERSION = YES;
				GCC_WARN_ABOUT_RETURN_TYPE = YES_ERROR;
				GCC_WARN_UNDECLARED_SELECTOR = YES;
				GCC_WARN_UNINITIALIZED_AUTOS = YES_AGGRESSIVE;
				GCC_WARN_UNUSED_FUNCTION = YES;
				GCC_WARN_UNUSED_VARIABLE = YES;
				IPHONEOS_DEPLOYMENT_TARGET = 17.4;
				LOCALIZATION_PREFERS_STRING_CATALOGS = YES;
				MTL_ENABLE_DEBUG_INFO = NO;
				MTL_FAST_MATH = YES;
				SDKROOT = iphoneos;
				SWIFT_COMPILATION_MODE = wholemodule;
				VALIDATE_PRODUCT = YES;
			};
			name = Release;
		};
		25AC3E462BD402020083593F /* Debug */ = {
			isa = XCBuildConfiguration;
			buildSettings = {
				ASSETCATALOG_COMPILER_APPICON_NAME = AppIcon;
				ASSETCATALOG_COMPILER_GLOBAL_ACCENT_COLOR_NAME = AccentColor;
				CODE_SIGN_STYLE = Automatic;
				CURRENT_PROJECT_VERSION = 1;
				DEVELOPMENT_TEAM = 38Z5KQPX8D;
				GENERATE_INFOPLIST_FILE = YES;
				INFOPLIST_FILE = YourMovie/Info.plist;
				INFOPLIST_KEY_UIApplicationSupportsIndirectInputEvents = YES;
				INFOPLIST_KEY_UILaunchStoryboardName = LaunchScreen;
				INFOPLIST_KEY_UISupportedInterfaceOrientations_iPad = "UIInterfaceOrientationPortrait UIInterfaceOrientationPortraitUpsideDown UIInterfaceOrientationLandscapeLeft UIInterfaceOrientationLandscapeRight";
				INFOPLIST_KEY_UISupportedInterfaceOrientations_iPhone = "UIInterfaceOrientationPortrait UIInterfaceOrientationLandscapeLeft UIInterfaceOrientationLandscapeRight";
				LD_RUNPATH_SEARCH_PATHS = (
					"$(inherited)",
					"@executable_path/Frameworks",
				);
				MARKETING_VERSION = 1.0;
				PRODUCT_BUNDLE_IDENTIFIER = com.alejandroglzdev.yourmovie.YourMovie;
				PRODUCT_NAME = "$(TARGET_NAME)";
				SWIFT_EMIT_LOC_STRINGS = YES;
				SWIFT_VERSION = 5.0;
				TARGETED_DEVICE_FAMILY = "1,2";
			};
			name = Debug;
		};
		25AC3E472BD402020083593F /* Release */ = {
			isa = XCBuildConfiguration;
			buildSettings = {
				ASSETCATALOG_COMPILER_APPICON_NAME = AppIcon;
				ASSETCATALOG_COMPILER_GLOBAL_ACCENT_COLOR_NAME = AccentColor;
				CODE_SIGN_STYLE = Automatic;
				CURRENT_PROJECT_VERSION = 1;
				DEVELOPMENT_TEAM = 38Z5KQPX8D;
				GENERATE_INFOPLIST_FILE = YES;
				INFOPLIST_FILE = YourMovie/Info.plist;
				INFOPLIST_KEY_UIApplicationSupportsIndirectInputEvents = YES;
				INFOPLIST_KEY_UILaunchStoryboardName = LaunchScreen;
				INFOPLIST_KEY_UISupportedInterfaceOrientations_iPad = "UIInterfaceOrientationPortrait UIInterfaceOrientationPortraitUpsideDown UIInterfaceOrientationLandscapeLeft UIInterfaceOrientationLandscapeRight";
				INFOPLIST_KEY_UISupportedInterfaceOrientations_iPhone = "UIInterfaceOrientationPortrait UIInterfaceOrientationLandscapeLeft UIInterfaceOrientationLandscapeRight";
				LD_RUNPATH_SEARCH_PATHS = (
					"$(inherited)",
					"@executable_path/Frameworks",
				);
				MARKETING_VERSION = 1.0;
				PRODUCT_BUNDLE_IDENTIFIER = com.alejandroglzdev.yourmovie.YourMovie;
				PRODUCT_NAME = "$(TARGET_NAME)";
				SWIFT_EMIT_LOC_STRINGS = YES;
				SWIFT_VERSION = 5.0;
				TARGETED_DEVICE_FAMILY = "1,2";
			};
			name = Release;
		};
/* End XCBuildConfiguration section */

/* Begin XCConfigurationList section */
		25AC3E2C2BD402000083593F /* Build configuration list for PBXProject "YourMovie" */ = {
			isa = XCConfigurationList;
			buildConfigurations = (
				25AC3E432BD402020083593F /* Debug */,
				25AC3E442BD402020083593F /* Release */,
			);
			defaultConfigurationIsVisible = 0;
			defaultConfigurationName = Release;
		};
		25AC3E452BD402020083593F /* Build configuration list for PBXNativeTarget "YourMovie" */ = {
			isa = XCConfigurationList;
			buildConfigurations = (
				25AC3E462BD402020083593F /* Debug */,
				25AC3E472BD402020083593F /* Release */,
			);
			defaultConfigurationIsVisible = 0;
			defaultConfigurationName = Release;
		};
/* End XCConfigurationList section */

/* Begin XCRemoteSwiftPackageReference section */
		25AC3E592BD50CFD0083593F /* XCRemoteSwiftPackageReference "Kingfisher" */ = {
			isa = XCRemoteSwiftPackageReference;
			repositoryURL = "https://github.com/onevcat/Kingfisher.git";
			requirement = {
				kind = upToNextMajorVersion;
				minimumVersion = 7.11.0;
			};
		};
/* End XCRemoteSwiftPackageReference section */

/* Begin XCSwiftPackageProductDependency section */
		25AC3E5A2BD50CFD0083593F /* Kingfisher */ = {
			isa = XCSwiftPackageProductDependency;
			package = 25AC3E592BD50CFD0083593F /* XCRemoteSwiftPackageReference "Kingfisher" */;
			productName = Kingfisher;
		};
/* End XCSwiftPackageProductDependency section */
	};
	rootObject = 25AC3E292BD402000083593F /* Project object */;
}
